
Microsoft Visual Studio Solution File, Format Version 12.00
# Visual Studio Version 17
VisualStudioVersion = 17.4.33403.182
MinimumVisualStudioVersion = 10.0.40219.1
Project("{FAE04EC0-301F-11D3-BF4B-00C04F79EFBC}") = "ArquivosFiles", "ArquivosFiles\ArquivosFiles.csproj", "{C92E0531-8DB7-40E8-9668-0F93199E5E84}"
EndProject
Global
	GlobalSection(SolutionConfigurationPlatforms) = preSolution
		Debug|Any CPU = Debug|Any CPU
		Release|Any CPU = Release|Any CPU
	EndGlobalSection
	GlobalSection(ProjectConfigurationPlatforms) = postSolution
		{C92E0531-8DB7-40E8-9668-0F93199E5E84}.Debug|Any CPU.ActiveCfg = Debug|Any CPU
		{C92E0531-8DB7-40E8-9668-0F93199E5E84}.Debug|Any CPU.Build.0 = Debug|Any CPU
		{C92E0531-8DB7-40E8-9668-0F93199E5E84}.Release|Any CPU.ActiveCfg = Release|Any CPU
		{C92E0531-8DB7-40E8-9668-0F93199E5E84}.Release|Any CPU.Build.0 = Release|Any CPU
	EndGlobalSection
	GlobalSection(SolutionProperties) = preSolution
		HideSolutionNode = FALSE
	EndGlobalSection
	GlobalSection(ExtensibilityGlobals) = postSolution
		SolutionGuid = {AD015E1C-5AAA-49E1-A527-2686DD7193C5}
	EndGlobalSection
EndGlobal
